// !$*UTF8*$!
{
	archiveVersion = 1;
	classes = {
	};
	objectVersion = 56;
	objects = {

/* Begin PBXBuildFile section */
		747062FC2917E83200209EBD /* TypeAlias+Extension.swift in Sources */ = {isa = PBXBuildFile; fileRef = 747062FB2917E83200209EBD /* TypeAlias+Extension.swift */; };
		747062FE2917F9D500209EBD /* TableViewCell.swift in Sources */ = {isa = PBXBuildFile; fileRef = 747062FD2917F9D500209EBD /* TableViewCell.swift */; };
		747063012919451100209EBD /* PanModal in Frameworks */ = {isa = PBXBuildFile; productRef = 747063002919451100209EBD /* PanModal */; };
		7470630529197B1100209EBD /* DetailVC.swift in Sources */ = {isa = PBXBuildFile; fileRef = 7470630429197B1100209EBD /* DetailVC.swift */; };
		74706307291B0DA400209EBD /* Content.swift in Sources */ = {isa = PBXBuildFile; fileRef = 74706306291B0DA400209EBD /* Content.swift */; };
		74706313291D9E6000209EBD /* ViewModelCV.swift in Sources */ = {isa = PBXBuildFile; fileRef = 74706312291D9E6000209EBD /* ViewModelCV.swift */; };
		747BD2E429377BC9003C9FFA /* DetailViewModel.swift in Sources */ = {isa = PBXBuildFile; fileRef = 747BD2E329377BC9003C9FFA /* DetailViewModel.swift */; };
		74C980BF291305DB0040F44B /* AppDelegate.swift in Sources */ = {isa = PBXBuildFile; fileRef = 74C980BE291305DB0040F44B /* AppDelegate.swift */; };
		74C980C1291305DB0040F44B /* SceneDelegate.swift in Sources */ = {isa = PBXBuildFile; fileRef = 74C980C0291305DB0040F44B /* SceneDelegate.swift */; };
		74C980C3291305DB0040F44B /* ViewController.swift in Sources */ = {isa = PBXBuildFile; fileRef = 74C980C2291305DB0040F44B /* ViewController.swift */; };
		74C980C6291305DB0040F44B /* Main.storyboard in Resources */ = {isa = PBXBuildFile; fileRef = 74C980C4291305DB0040F44B /* Main.storyboard */; };
		74C980C8291305DE0040F44B /* Assets.xcassets in Resources */ = {isa = PBXBuildFile; fileRef = 74C980C7291305DE0040F44B /* Assets.xcassets */; };
		74C980CB291305DE0040F44B /* LaunchScreen.storyboard in Resources */ = {isa = PBXBuildFile; fileRef = 74C980C9291305DE0040F44B /* LaunchScreen.storyboard */; };
		74C980D6291305DE0040F44B /* CVTests.swift in Sources */ = {isa = PBXBuildFile; fileRef = 74C980D5291305DE0040F44B /* CVTests.swift */; };
		74C980E0291305DE0040F44B /* CVUITests.swift in Sources */ = {isa = PBXBuildFile; fileRef = 74C980DF291305DE0040F44B /* CVUITests.swift */; };
		74C980E2291305DE0040F44B /* CVUITestsLaunchTests.swift in Sources */ = {isa = PBXBuildFile; fileRef = 74C980E1291305DE0040F44B /* CVUITestsLaunchTests.swift */; };
		74F415BB292BB8FC00F4E385 /* SeguePerformable.swift in Sources */ = {isa = PBXBuildFile; fileRef = 74F415BA292BB8FC00F4E385 /* SeguePerformable.swift */; };
		74F415BD292BB9C400F4E385 /* Design+Extension.swift in Sources */ = {isa = PBXBuildFile; fileRef = 74F415BC292BB9C400F4E385 /* Design+Extension.swift */; };
/* End PBXBuildFile section */

/* Begin PBXContainerItemProxy section */
		74C980D2291305DE0040F44B /* PBXContainerItemProxy */ = {
			isa = PBXContainerItemProxy;
			containerPortal = 74C980B3291305DB0040F44B /* Project object */;
			proxyType = 1;
			remoteGlobalIDString = 74C980BA291305DB0040F44B;
			remoteInfo = CV;
		};
		74C980DC291305DE0040F44B /* PBXContainerItemProxy */ = {
			isa = PBXContainerItemProxy;
			containerPortal = 74C980B3291305DB0040F44B /* Project object */;
			proxyType = 1;
			remoteGlobalIDString = 74C980BA291305DB0040F44B;
			remoteInfo = CV;
		};
/* End PBXContainerItemProxy section */

/* Begin PBXFileReference section */
		747062FB2917E83200209EBD /* TypeAlias+Extension.swift */ = {isa = PBXFileReference; lastKnownFileType = sourcecode.swift; path = "TypeAlias+Extension.swift"; sourceTree = "<group>"; };
		747062FD2917F9D500209EBD /* TableViewCell.swift */ = {isa = PBXFileReference; lastKnownFileType = sourcecode.swift; path = TableViewCell.swift; sourceTree = "<group>"; };
		7470630429197B1100209EBD /* DetailVC.swift */ = {isa = PBXFileReference; lastKnownFileType = sourcecode.swift; path = DetailVC.swift; sourceTree = "<group>"; };
		74706306291B0DA400209EBD /* Content.swift */ = {isa = PBXFileReference; lastKnownFileType = sourcecode.swift; path = Content.swift; sourceTree = "<group>"; };
		74706312291D9E6000209EBD /* ViewModelCV.swift */ = {isa = PBXFileReference; lastKnownFileType = sourcecode.swift; path = ViewModelCV.swift; sourceTree = "<group>"; };
		747BD2E329377BC9003C9FFA /* DetailViewModel.swift */ = {isa = PBXFileReference; lastKnownFileType = sourcecode.swift; path = DetailViewModel.swift; sourceTree = "<group>"; };
		74C980BB291305DB0040F44B /* CV.app */ = {isa = PBXFileReference; explicitFileType = wrapper.application; includeInIndex = 0; path = CV.app; sourceTree = BUILT_PRODUCTS_DIR; };
		74C980BE291305DB0040F44B /* AppDelegate.swift */ = {isa = PBXFileReference; lastKnownFileType = sourcecode.swift; path = AppDelegate.swift; sourceTree = "<group>"; };
		74C980C0291305DB0040F44B /* SceneDelegate.swift */ = {isa = PBXFileReference; lastKnownFileType = sourcecode.swift; path = SceneDelegate.swift; sourceTree = "<group>"; };
		74C980C2291305DB0040F44B /* ViewController.swift */ = {isa = PBXFileReference; lastKnownFileType = sourcecode.swift; path = ViewController.swift; sourceTree = "<group>"; };
		74C980C5291305DB0040F44B /* Base */ = {isa = PBXFileReference; lastKnownFileType = file.storyboard; name = Base; path = Base.lproj/Main.storyboard; sourceTree = "<group>"; };
		74C980C7291305DE0040F44B /* Assets.xcassets */ = {isa = PBXFileReference; lastKnownFileType = folder.assetcatalog; path = Assets.xcassets; sourceTree = "<group>"; };
		74C980CA291305DE0040F44B /* Base */ = {isa = PBXFileReference; lastKnownFileType = file.storyboard; name = Base; path = Base.lproj/LaunchScreen.storyboard; sourceTree = "<group>"; };
		74C980CC291305DE0040F44B /* Info.plist */ = {isa = PBXFileReference; lastKnownFileType = text.plist.xml; path = Info.plist; sourceTree = "<group>"; };
		74C980D1291305DE0040F44B /* CVTests.xctest */ = {isa = PBXFileReference; explicitFileType = wrapper.cfbundle; includeInIndex = 0; path = CVTests.xctest; sourceTree = BUILT_PRODUCTS_DIR; };
		74C980D5291305DE0040F44B /* CVTests.swift */ = {isa = PBXFileReference; lastKnownFileType = sourcecode.swift; path = CVTests.swift; sourceTree = "<group>"; };
		74C980DB291305DE0040F44B /* CVUITests.xctest */ = {isa = PBXFileReference; explicitFileType = wrapper.cfbundle; includeInIndex = 0; path = CVUITests.xctest; sourceTree = BUILT_PRODUCTS_DIR; };
		74C980DF291305DE0040F44B /* CVUITests.swift */ = {isa = PBXFileReference; lastKnownFileType = sourcecode.swift; path = CVUITests.swift; sourceTree = "<group>"; };
		74C980E1291305DE0040F44B /* CVUITestsLaunchTests.swift */ = {isa = PBXFileReference; lastKnownFileType = sourcecode.swift; path = CVUITestsLaunchTests.swift; sourceTree = "<group>"; };
		74F415BA292BB8FC00F4E385 /* SeguePerformable.swift */ = {isa = PBXFileReference; lastKnownFileType = sourcecode.swift; path = SeguePerformable.swift; sourceTree = "<group>"; };
		74F415BC292BB9C400F4E385 /* Design+Extension.swift */ = {isa = PBXFileReference; lastKnownFileType = sourcecode.swift; path = "Design+Extension.swift"; sourceTree = "<group>"; };
/* End PBXFileReference section */

/* Begin PBXFrameworksBuildPhase section */
		74C980B8291305DB0040F44B /* Frameworks */ = {
			isa = PBXFrameworksBuildPhase;
			buildActionMask = 2147483647;
			files = (
				747063012919451100209EBD /* PanModal in Frameworks */,
			);
			runOnlyForDeploymentPostprocessing = 0;
		};
		74C980CE291305DE0040F44B /* Frameworks */ = {
			isa = PBXFrameworksBuildPhase;
			buildActionMask = 2147483647;
			files = (
			);
			runOnlyForDeploymentPostprocessing = 0;
		};
		74C980D8291305DE0040F44B /* Frameworks */ = {
			isa = PBXFrameworksBuildPhase;
			buildActionMask = 2147483647;
			files = (
			);
			runOnlyForDeploymentPostprocessing = 0;
		};
/* End PBXFrameworksBuildPhase section */

/* Begin PBXGroup section */
		747062F72917E7EE00209EBD /* App */ = {
			isa = PBXGroup;
			children = (
				74C980BE291305DB0040F44B /* AppDelegate.swift */,
				74C980C0291305DB0040F44B /* SceneDelegate.swift */,
			);
			path = App;
			sourceTree = "<group>";
		};
		747062F82917E7F800209EBD /* Resource */ = {
			isa = PBXGroup;
			children = (
				74C980C9291305DE0040F44B /* LaunchScreen.storyboard */,
				74C980C4291305DB0040F44B /* Main.storyboard */,
				74C980C7291305DE0040F44B /* Assets.xcassets */,
			);
			path = Resource;
			sourceTree = "<group>";
		};
		747062FA2917E82200209EBD /* Helper */ = {
			isa = PBXGroup;
			children = (
				74F415BA292BB8FC00F4E385 /* SeguePerformable.swift */,
				747062FB2917E83200209EBD /* TypeAlias+Extension.swift */,
				74F415BC292BB9C400F4E385 /* Design+Extension.swift */,
			);
			path = Helper;
			sourceTree = "<group>";
		};
		74706302291963B900209EBD /* scene */ = {
			isa = PBXGroup;
			children = (
				74706309291B0DEE00209EBD /* Detail */,
				74706303291963C600209EBD /* Home */,
			);
			path = scene;
			sourceTree = "<group>";
		};
		74706303291963C600209EBD /* Home */ = {
			isa = PBXGroup;
			children = (
				74706311291D1DAD00209EBD /* ViewModel */,
				74706310291D1DAA00209EBD /* View */,
			);
			path = Home;
			sourceTree = "<group>";
		};
		74706308291B0DD400209EBD /* Model */ = {
			isa = PBXGroup;
			children = (
				74706306291B0DA400209EBD /* Content.swift */,
			);
			path = Model;
			sourceTree = "<group>";
		};
		74706309291B0DEE00209EBD /* Detail */ = {
			isa = PBXGroup;
			children = (
				7470630429197B1100209EBD /* DetailVC.swift */,
				747BD2E329377BC9003C9FFA /* DetailViewModel.swift */,
			);
			path = Detail;
			sourceTree = "<group>";
		};
		74706310291D1DAA00209EBD /* View */ = {
			isa = PBXGroup;
			children = (
				74C980C2291305DB0040F44B /* ViewController.swift */,
				747062FD2917F9D500209EBD /* TableViewCell.swift */,
			);
			path = View;
			sourceTree = "<group>";
		};
		74706311291D1DAD00209EBD /* ViewModel */ = {
			isa = PBXGroup;
			children = (
				74706312291D9E6000209EBD /* ViewModelCV.swift */,
			);
			path = ViewModel;
			sourceTree = "<group>";
		};
		74C980B2291305DB0040F44B = {
			isa = PBXGroup;
			children = (
				74C980BD291305DB0040F44B /* CV */,
				74C980D4291305DE0040F44B /* CVTests */,
				74C980DE291305DE0040F44B /* CVUITests */,
				74C980BC291305DB0040F44B /* Products */,
			);
			sourceTree = "<group>";
		};
		74C980BC291305DB0040F44B /* Products */ = {
			isa = PBXGroup;
			children = (
				74C980BB291305DB0040F44B /* CV.app */,
				74C980D1291305DE0040F44B /* CVTests.xctest */,
				74C980DB291305DE0040F44B /* CVUITests.xctest */,
			);
			name = Products;
			sourceTree = "<group>";
		};
		74C980BD291305DB0040F44B /* CV */ = {
			isa = PBXGroup;
			children = (
				747062F72917E7EE00209EBD /* App */,
				747062F82917E7F800209EBD /* Resource */,
				74706308291B0DD400209EBD /* Model */,
				74706302291963B900209EBD /* scene */,
				747062FA2917E82200209EBD /* Helper */,
				74C980CC291305DE0040F44B /* Info.plist */,
			);
			path = CV;
			sourceTree = "<group>";
		};
		74C980D4291305DE0040F44B /* CVTests */ = {
			isa = PBXGroup;
			children = (
				74C980D5291305DE0040F44B /* CVTests.swift */,
			);
			path = CVTests;
			sourceTree = "<group>";
		};
		74C980DE291305DE0040F44B /* CVUITests */ = {
			isa = PBXGroup;
			children = (
				74C980DF291305DE0040F44B /* CVUITests.swift */,
				74C980E1291305DE0040F44B /* CVUITestsLaunchTests.swift */,
			);
			path = CVUITests;
			sourceTree = "<group>";
		};
/* End PBXGroup section */

/* Begin PBXNativeTarget section */
		74C980BA291305DB0040F44B /* CV */ = {
			isa = PBXNativeTarget;
			buildConfigurationList = 74C980E5291305DE0040F44B /* Build configuration list for PBXNativeTarget "CV" */;
			buildPhases = (
				74C980B7291305DB0040F44B /* Sources */,
				74C980B8291305DB0040F44B /* Frameworks */,
				74C980B9291305DB0040F44B /* Resources */,
			);
			buildRules = (
			);
			dependencies = (
			);
			name = CV;
			packageProductDependencies = (
				747063002919451100209EBD /* PanModal */,
			);
			productName = CV;
			productReference = 74C980BB291305DB0040F44B /* CV.app */;
			productType = "com.apple.product-type.application";
		};
		74C980D0291305DE0040F44B /* CVTests */ = {
			isa = PBXNativeTarget;
			buildConfigurationList = 74C980E8291305DE0040F44B /* Build configuration list for PBXNativeTarget "CVTests" */;
			buildPhases = (
				74C980CD291305DE0040F44B /* Sources */,
				74C980CE291305DE0040F44B /* Frameworks */,
				74C980CF291305DE0040F44B /* Resources */,
			);
			buildRules = (
			);
			dependencies = (
				74C980D3291305DE0040F44B /* PBXTargetDependency */,
			);
			name = CVTests;
			productName = CVTests;
			productReference = 74C980D1291305DE0040F44B /* CVTests.xctest */;
			productType = "com.apple.product-type.bundle.unit-test";
		};
		74C980DA291305DE0040F44B /* CVUITests */ = {
			isa = PBXNativeTarget;
			buildConfigurationList = 74C980EB291305DE0040F44B /* Build configuration list for PBXNativeTarget "CVUITests" */;
			buildPhases = (
				74C980D7291305DE0040F44B /* Sources */,
				74C980D8291305DE0040F44B /* Frameworks */,
				74C980D9291305DE0040F44B /* Resources */,
			);
			buildRules = (
			);
			dependencies = (
				74C980DD291305DE0040F44B /* PBXTargetDependency */,
			);
			name = CVUITests;
			productName = CVUITests;
			productReference = 74C980DB291305DE0040F44B /* CVUITests.xctest */;
			productType = "com.apple.product-type.bundle.ui-testing";
		};
/* End PBXNativeTarget section */

/* Begin PBXProject section */
		74C980B3291305DB0040F44B /* Project object */ = {
			isa = PBXProject;
			attributes = {
				BuildIndependentTargetsInParallel = 1;
				LastSwiftUpdateCheck = 1400;
				LastUpgradeCheck = 1400;
				TargetAttributes = {
					74C980BA291305DB0040F44B = {
						CreatedOnToolsVersion = 14.0.1;
					};
					74C980D0291305DE0040F44B = {
						CreatedOnToolsVersion = 14.0.1;
						TestTargetID = 74C980BA291305DB0040F44B;
					};
					74C980DA291305DE0040F44B = {
						CreatedOnToolsVersion = 14.0.1;
						TestTargetID = 74C980BA291305DB0040F44B;
					};
				};
			};
			buildConfigurationList = 74C980B6291305DB0040F44B /* Build configuration list for PBXProject "CV" */;
			compatibilityVersion = "Xcode 14.0";
			developmentRegion = en;
			hasScannedForEncodings = 0;
			knownRegions = (
				en,
				Base,
			);
			mainGroup = 74C980B2291305DB0040F44B;
			packageReferences = (
				747062FF2919451100209EBD /* XCRemoteSwiftPackageReference "PanModal" */,
			);
			productRefGroup = 74C980BC291305DB0040F44B /* Products */;
			projectDirPath = "";
			projectRoot = "";
			targets = (
				74C980BA291305DB0040F44B /* CV */,
				74C980D0291305DE0040F44B /* CVTests */,
				74C980DA291305DE0040F44B /* CVUITests */,
			);
		};
/* End PBXProject section */

/* Begin PBXResourcesBuildPhase section */
		74C980B9291305DB0040F44B /* Resources */ = {
			isa = PBXResourcesBuildPhase;
			buildActionMask = 2147483647;
			files = (
				74C980CB291305DE0040F44B /* LaunchScreen.storyboard in Resources */,
				74C980C8291305DE0040F44B /* Assets.xcassets in Resources */,
				74C980C6291305DB0040F44B /* Main.storyboard in Resources */,
			);
			runOnlyForDeploymentPostprocessing = 0;
		};
		74C980CF291305DE0040F44B /* Resources */ = {
			isa = PBXResourcesBuildPhase;
			buildActionMask = 2147483647;
			files = (
			);
			runOnlyForDeploymentPostprocessing = 0;
		};
		74C980D9291305DE0040F44B /* Resources */ = {
			isa = PBXResourcesBuildPhase;
			buildActionMask = 2147483647;
			files = (
			);
			runOnlyForDeploymentPostprocessing = 0;
		};
/* End PBXResourcesBuildPhase section */

/* Begin PBXSourcesBuildPhase section */
		74C980B7291305DB0040F44B /* Sources */ = {
			isa = PBXSourcesBuildPhase;
			buildActionMask = 2147483647;
			files = (
				747062FE2917F9D500209EBD /* TableViewCell.swift in Sources */,
				74F415BB292BB8FC00F4E385 /* SeguePerformable.swift in Sources */,
				74C980C3291305DB0040F44B /* ViewController.swift in Sources */,
				74706313291D9E6000209EBD /* ViewModelCV.swift in Sources */,
				74706307291B0DA400209EBD /* Content.swift in Sources */,
				74C980BF291305DB0040F44B /* AppDelegate.swift in Sources */,
				747BD2E429377BC9003C9FFA /* DetailViewModel.swift in Sources */,
				74F415BD292BB9C400F4E385 /* Design+Extension.swift in Sources */,
				7470630529197B1100209EBD /* DetailVC.swift in Sources */,
				74C980C1291305DB0040F44B /* SceneDelegate.swift in Sources */,
				747062FC2917E83200209EBD /* TypeAlias+Extension.swift in Sources */,
			);
			runOnlyForDeploymentPostprocessing = 0;
		};
		74C980CD291305DE0040F44B /* Sources */ = {
			isa = PBXSourcesBuildPhase;
			buildActionMask = 2147483647;
			files = (
				74C980D6291305DE0040F44B /* CVTests.swift in Sources */,
			);
			runOnlyForDeploymentPostprocessing = 0;
		};
		74C980D7291305DE0040F44B /* Sources */ = {
			isa = PBXSourcesBuildPhase;
			buildActionMask = 2147483647;
			files = (
				74C980E0291305DE0040F44B /* CVUITests.swift in Sources */,
				74C980E2291305DE0040F44B /* CVUITestsLaunchTests.swift in Sources */,
			);
			runOnlyForDeploymentPostprocessing = 0;
		};
/* End PBXSourcesBuildPhase section */

/* Begin PBXTargetDependency section */
		74C980D3291305DE0040F44B /* PBXTargetDependency */ = {
			isa = PBXTargetDependency;
			target = 74C980BA291305DB0040F44B /* CV */;
			targetProxy = 74C980D2291305DE0040F44B /* PBXContainerItemProxy */;
		};
		74C980DD291305DE0040F44B /* PBXTargetDependency */ = {
			isa = PBXTargetDependency;
			target = 74C980BA291305DB0040F44B /* CV */;
			targetProxy = 74C980DC291305DE0040F44B /* PBXContainerItemProxy */;
		};
/* End PBXTargetDependency section */

/* Begin PBXVariantGroup section */
		74C980C4291305DB0040F44B /* Main.storyboard */ = {
			isa = PBXVariantGroup;
			children = (
				74C980C5291305DB0040F44B /* Base */,
			);
			name = Main.storyboard;
			sourceTree = "<group>";
		};
		74C980C9291305DE0040F44B /* LaunchScreen.storyboard */ = {
			isa = PBXVariantGroup;
			children = (
				74C980CA291305DE0040F44B /* Base */,
			);
			name = LaunchScreen.storyboard;
			sourceTree = "<group>";
		};
/* End PBXVariantGroup section */

/* Begin XCBuildConfiguration section */
		74C980E3291305DE0040F44B /* Debug */ = {
			isa = XCBuildConfiguration;
			buildSettings = {
				ALWAYS_SEARCH_USER_PATHS = NO;
				CLANG_ANALYZER_NONNULL = YES;
				CLANG_ANALYZER_NUMBER_OBJECT_CONVERSION = YES_AGGRESSIVE;
				CLANG_CXX_LANGUAGE_STANDARD = "gnu++20";
				CLANG_ENABLE_MODULES = YES;
				CLANG_ENABLE_OBJC_ARC = YES;
				CLANG_ENABLE_OBJC_WEAK = YES;
				CLANG_WARN_BLOCK_CAPTURE_AUTORELEASING = YES;
				CLANG_WARN_BOOL_CONVERSION = YES;
				CLANG_WARN_COMMA = YES;
				CLANG_WARN_CONSTANT_CONVERSION = YES;
				CLANG_WARN_DEPRECATED_OBJC_IMPLEMENTATIONS = YES;
				CLANG_WARN_DIRECT_OBJC_ISA_USAGE = YES_ERROR;
				CLANG_WARN_DOCUMENTATION_COMMENTS = YES;
				CLANG_WARN_EMPTY_BODY = YES;
				CLANG_WARN_ENUM_CONVERSION = YES;
				CLANG_WARN_INFINITE_RECURSION = YES;
				CLANG_WARN_INT_CONVERSION = YES;
				CLANG_WARN_NON_LITERAL_NULL_CONVERSION = YES;
				CLANG_WARN_OBJC_IMPLICIT_RETAIN_SELF = YES;
				CLANG_WARN_OBJC_LITERAL_CONVERSION = YES;
				CLANG_WARN_OBJC_ROOT_CLASS = YES_ERROR;
				CLANG_WARN_QUOTED_INCLUDE_IN_FRAMEWORK_HEADER = YES;
				CLANG_WARN_RANGE_LOOP_ANALYSIS = YES;
				CLANG_WARN_STRICT_PROTOTYPES = YES;
				CLANG_WARN_SUSPICIOUS_MOVE = YES;
				CLANG_WARN_UNGUARDED_AVAILABILITY = YES_AGGRESSIVE;
				CLANG_WARN_UNREACHABLE_CODE = YES;
				CLANG_WARN__DUPLICATE_METHOD_MATCH = YES;
				COPY_PHASE_STRIP = NO;
				DEBUG_INFORMATION_FORMAT = dwarf;
				ENABLE_STRICT_OBJC_MSGSEND = YES;
				ENABLE_TESTABILITY = YES;
				GCC_C_LANGUAGE_STANDARD = gnu11;
				GCC_DYNAMIC_NO_PIC = NO;
				GCC_NO_COMMON_BLOCKS = YES;
				GCC_OPTIMIZATION_LEVEL = 0;
				GCC_PREPROCESSOR_DEFINITIONS = (
					"DEBUG=1",
					"$(inherited)",
				);
				GCC_WARN_64_TO_32_BIT_CONVERSION = YES;
				GCC_WARN_ABOUT_RETURN_TYPE = YES_ERROR;
				GCC_WARN_UNDECLARED_SELECTOR = YES;
				GCC_WARN_UNINITIALIZED_AUTOS = YES_AGGRESSIVE;
				GCC_WARN_UNUSED_FUNCTION = YES;
				GCC_WARN_UNUSED_VARIABLE = YES;
				IPHONEOS_DEPLOYMENT_TARGET = 16.0;
				MTL_ENABLE_DEBUG_INFO = INCLUDE_SOURCE;
				MTL_FAST_MATH = YES;
				ONLY_ACTIVE_ARCH = YES;
				SDKROOT = iphoneos;
				SWIFT_ACTIVE_COMPILATION_CONDITIONS = DEBUG;
				SWIFT_OPTIMIZATION_LEVEL = "-Onone";
			};
			name = Debug;
		};
		74C980E4291305DE0040F44B /* Release */ = {
			isa = XCBuildConfiguration;
			buildSettings = {
				ALWAYS_SEARCH_USER_PATHS = NO;
				CLANG_ANALYZER_NONNULL = YES;
				CLANG_ANALYZER_NUMBER_OBJECT_CONVERSION = YES_AGGRESSIVE;
				CLANG_CXX_LANGUAGE_STANDARD = "gnu++20";
				CLANG_ENABLE_MODULES = YES;
				CLANG_ENABLE_OBJC_ARC = YES;
				CLANG_ENABLE_OBJC_WEAK = YES;
				CLANG_WARN_BLOCK_CAPTURE_AUTORELEASING = YES;
				CLANG_WARN_BOOL_CONVERSION = YES;
				CLANG_WARN_COMMA = YES;
				CLANG_WARN_CONSTANT_CONVERSION = YES;
				CLANG_WARN_DEPRECATED_OBJC_IMPLEMENTATIONS = YES;
				CLANG_WARN_DIRECT_OBJC_ISA_USAGE = YES_ERROR;
				CLANG_WARN_DOCUMENTATION_COMMENTS = YES;
				CLANG_WARN_EMPTY_BODY = YES;
				CLANG_WARN_ENUM_CONVERSION = YES;
				CLANG_WARN_INFINITE_RECURSION = YES;
				CLANG_WARN_INT_CONVERSION = YES;
				CLANG_WARN_NON_LITERAL_NULL_CONVERSION = YES;
				CLANG_WARN_OBJC_IMPLICIT_RETAIN_SELF = YES;
				CLANG_WARN_OBJC_LITERAL_CONVERSION = YES;
				CLANG_WARN_OBJC_ROOT_CLASS = YES_ERROR;
				CLANG_WARN_QUOTED_INCLUDE_IN_FRAMEWORK_HEADER = YES;
				CLANG_WARN_RANGE_LOOP_ANALYSIS = YES;
				CLANG_WARN_STRICT_PROTOTYPES = YES;
				CLANG_WARN_SUSPICIOUS_MOVE = YES;
				CLANG_WARN_UNGUARDED_AVAILABILITY = YES_AGGRESSIVE;
				CLANG_WARN_UNREACHABLE_CODE = YES;
				CLANG_WARN__DUPLICATE_METHOD_MATCH = YES;
				COPY_PHASE_STRIP = NO;
				DEBUG_INFORMATION_FORMAT = "dwarf-with-dsym";
				ENABLE_NS_ASSERTIONS = NO;
				ENABLE_STRICT_OBJC_MSGSEND = YES;
				GCC_C_LANGUAGE_STANDARD = gnu11;
				GCC_NO_COMMON_BLOCKS = YES;
				GCC_WARN_64_TO_32_BIT_CONVERSION = YES;
				GCC_WARN_ABOUT_RETURN_TYPE = YES_ERROR;
				GCC_WARN_UNDECLARED_SELECTOR = YES;
				GCC_WARN_UNINITIALIZED_AUTOS = YES_AGGRESSIVE;
				GCC_WARN_UNUSED_FUNCTION = YES;
				GCC_WARN_UNUSED_VARIABLE = YES;
				IPHONEOS_DEPLOYMENT_TARGET = 16.0;
				MTL_ENABLE_DEBUG_INFO = NO;
				MTL_FAST_MATH = YES;
				SDKROOT = iphoneos;
				SWIFT_COMPILATION_MODE = wholemodule;
				SWIFT_OPTIMIZATION_LEVEL = "-O";
				VALIDATE_PRODUCT = YES;
			};
			name = Release;
		};
		74C980E6291305DE0040F44B /* Debug */ = {
			isa = XCBuildConfiguration;
			buildSettings = {
				ASSETCATALOG_COMPILER_APPICON_NAME = AppIcon;
				ASSETCATALOG_COMPILER_GLOBAL_ACCENT_COLOR_NAME = AccentColor;
				CODE_SIGN_STYLE = Automatic;
				CURRENT_PROJECT_VERSION = 1;
				DEVELOPMENT_TEAM = 2SJP4R9FL8;
				GENERATE_INFOPLIST_FILE = YES;
				INFOPLIST_FILE = CV/Info.plist;
				INFOPLIST_KEY_UIApplicationSupportsIndirectInputEvents = YES;
				INFOPLIST_KEY_UILaunchStoryboardName = LaunchScreen;
				INFOPLIST_KEY_UIMainStoryboardFile = Main;
				INFOPLIST_KEY_UISupportedInterfaceOrientations_iPad = "UIInterfaceOrientationPortrait UIInterfaceOrientationPortraitUpsideDown UIInterfaceOrientationLandscapeLeft UIInterfaceOrientationLandscapeRight";
				INFOPLIST_KEY_UISupportedInterfaceOrientations_iPhone = "UIInterfaceOrientationPortrait UIInterfaceOrientationLandscapeLeft UIInterfaceOrientationLandscapeRight";
				LD_RUNPATH_SEARCH_PATHS = (
					"$(inherited)",
					"@executable_path/Frameworks",
				);
				MARKETING_VERSION = 1.0;
				PRODUCT_BUNDLE_IDENTIFIER = sulunbatuhan.CV;
				PRODUCT_NAME = "$(TARGET_NAME)";
				SWIFT_EMIT_LOC_STRINGS = YES;
				SWIFT_VERSION = 5.0;
				TARGETED_DEVICE_FAMILY = "1,2";
			};
			name = Debug;
		};
		74C980E7291305DE0040F44B /* Release */ = {
			isa = XCBuildConfiguration;
			buildSettings = {
				ASSETCATALOG_COMPILER_APPICON_NAME = AppIcon;
				ASSETCATALOG_COMPILER_GLOBAL_ACCENT_COLOR_NAME = AccentColor;
				CODE_SIGN_STYLE = Automatic;
				CURRENT_PROJECT_VERSION = 1;
				DEVELOPMENT_TEAM = 2SJP4R9FL8;
				GENERATE_INFOPLIST_FILE = YES;
				INFOPLIST_FILE = CV/Info.plist;
				INFOPLIST_KEY_UIApplicationSupportsIndirectInputEvents = YES;
				INFOPLIST_KEY_UILaunchStoryboardName = LaunchScreen;
				INFOPLIST_KEY_UIMainStoryboardFile = Main;
				INFOPLIST_KEY_UISupportedInterfaceOrientations_iPad = "UIInterfaceOrientationPortrait UIInterfaceOrientationPortraitUpsideDown UIInterfaceOrientationLandscapeLeft UIInterfaceOrientationLandscapeRight";
				INFOPLIST_KEY_UISupportedInterfaceOrientations_iPhone = "UIInterfaceOrientationPortrait UIInterfaceOrientationLandscapeLeft UIInterfaceOrientationLandscapeRight";
				LD_RUNPATH_SEARCH_PATHS = (
					"$(inherited)",
					"@executable_path/Frameworks",
				);
				MARKETING_VERSION = 1.0;
				PRODUCT_BUNDLE_IDENTIFIER = sulunbatuhan.CV;
				PRODUCT_NAME = "$(TARGET_NAME)";
				SWIFT_EMIT_LOC_STRINGS = YES;
				SWIFT_VERSION = 5.0;
				TARGETED_DEVICE_FAMILY = "1,2";
			};
			name = Release;
		};
		74C980E9291305DE0040F44B /* Debug */ = {
			isa = XCBuildConfiguration;
			buildSettings = {
				ALWAYS_EMBED_SWIFT_STANDARD_LIBRARIES = YES;
				BUNDLE_LOADER = "$(TEST_HOST)";
				CODE_SIGN_STYLE = Automatic;
				CURRENT_PROJECT_VERSION = 1;
				DEVELOPMENT_TEAM = 2SJP4R9FL8;
				GENERATE_INFOPLIST_FILE = YES;
				IPHONEOS_DEPLOYMENT_TARGET = 16.0;
				MARKETING_VERSION = 1.0;
				PRODUCT_BUNDLE_IDENTIFIER = sulunbatuhan.CVTests;
				PRODUCT_NAME = "$(TARGET_NAME)";
				SWIFT_EMIT_LOC_STRINGS = NO;
				SWIFT_VERSION = 5.0;
				TARGETED_DEVICE_FAMILY = "1,2";
				TEST_HOST = "$(BUILT_PRODUCTS_DIR)/CV.app/$(BUNDLE_EXECUTABLE_FOLDER_PATH)/CV";
			};
			name = Debug;
		};
		74C980EA291305DE0040F44B /* Release */ = {
			isa = XCBuildConfiguration;
			buildSettings = {
				ALWAYS_EMBED_SWIFT_STANDARD_LIBRARIES = YES;
				BUNDLE_LOADER = "$(TEST_HOST)";
				CODE_SIGN_STYLE = Automatic;
				CURRENT_PROJECT_VERSION = 1;
				DEVELOPMENT_TEAM = 2SJP4R9FL8;
				GENERATE_INFOPLIST_FILE = YES;
				IPHONEOS_DEPLOYMENT_TARGET = 16.0;
				MARKETING_VERSION = 1.0;
				PRODUCT_BUNDLE_IDENTIFIER = sulunbatuhan.CVTests;
				PRODUCT_NAME = "$(TARGET_NAME)";
				SWIFT_EMIT_LOC_STRINGS = NO;
				SWIFT_VERSION = 5.0;
				TARGETED_DEVICE_FAMILY = "1,2";
				TEST_HOST = "$(BUILT_PRODUCTS_DIR)/CV.app/$(BUNDLE_EXECUTABLE_FOLDER_PATH)/CV";
			};
			name = Release;
		};
		74C980EC291305DE0040F44B /* Debug */ = {
			isa = XCBuildConfiguration;
			buildSettings = {
				ALWAYS_EMBED_SWIFT_STANDARD_LIBRARIES = YES;
				CODE_SIGN_STYLE = Automatic;
				CURRENT_PROJECT_VERSION = 1;
				DEVELOPMENT_TEAM = 2SJP4R9FL8;
				GENERATE_INFOPLIST_FILE = YES;
				MARKETING_VERSION = 1.0;
				PRODUCT_BUNDLE_IDENTIFIER = sulunbatuhan.CVUITests;
				PRODUCT_NAME = "$(TARGET_NAME)";
				SWIFT_EMIT_LOC_STRINGS = NO;
				SWIFT_VERSION = 5.0;
				TARGETED_DEVICE_FAMILY = "1,2";
				TEST_TARGET_NAME = CV;
			};
			name = Debug;
		};
		74C980ED291305DE0040F44B /* Release */ = {
			isa = XCBuildConfiguration;
			buildSettings = {
				ALWAYS_EMBED_SWIFT_STANDARD_LIBRARIES = YES;
				CODE_SIGN_STYLE = Automatic;
				CURRENT_PROJECT_VERSION = 1;
				DEVELOPMENT_TEAM = 2SJP4R9FL8;
				GENERATE_INFOPLIST_FILE = YES;
				MARKETING_VERSION = 1.0;
				PRODUCT_BUNDLE_IDENTIFIER = sulunbatuhan.CVUITests;
				PRODUCT_NAME = "$(TARGET_NAME)";
				SWIFT_EMIT_LOC_STRINGS = NO;
				SWIFT_VERSION = 5.0;
				TARGETED_DEVICE_FAMILY = "1,2";
				TEST_TARGET_NAME = CV;
			};
			name = Release;
		};
/* End XCBuildConfiguration section */

/* Begin XCConfigurationList section */
		74C980B6291305DB0040F44B /* Build configuration list for PBXProject "CV" */ = {
			isa = XCConfigurationList;
			buildConfigurations = (
				74C980E3291305DE0040F44B /* Debug */,
				74C980E4291305DE0040F44B /* Release */,
			);
			defaultConfigurationIsVisible = 0;
			defaultConfigurationName = Release;
		};
		74C980E5291305DE0040F44B /* Build configuration list for PBXNativeTarget "CV" */ = {
			isa = XCConfigurationList;
			buildConfigurations = (
				74C980E6291305DE0040F44B /* Debug */,
				74C980E7291305DE0040F44B /* Release */,
			);
			defaultConfigurationIsVisible = 0;
			defaultConfigurationName = Release;
		};
		74C980E8291305DE0040F44B /* Build configuration list for PBXNativeTarget "CVTests" */ = {
			isa = XCConfigurationList;
			buildConfigurations = (
				74C980E9291305DE0040F44B /* Debug */,
				74C980EA291305DE0040F44B /* Release */,
			);
			defaultConfigurationIsVisible = 0;
			defaultConfigurationName = Release;
		};
		74C980EB291305DE0040F44B /* Build configuration list for PBXNativeTarget "CVUITests" */ = {
			isa = XCConfigurationList;
			buildConfigurations = (
				74C980EC291305DE0040F44B /* Debug */,
				74C980ED291305DE0040F44B /* Release */,
			);
			defaultConfigurationIsVisible = 0;
			defaultConfigurationName = Release;
		};
/* End XCConfigurationList section */

/* Begin XCRemoteSwiftPackageReference section */
		747062FF2919451100209EBD /* XCRemoteSwiftPackageReference "PanModal" */ = {
			isa = XCRemoteSwiftPackageReference;
			repositoryURL = "https://github.com/slackhq/PanModal.git";
			requirement = {
				branch = master;
				kind = branch;
			};
		};
/* End XCRemoteSwiftPackageReference section */

/* Begin XCSwiftPackageProductDependency section */
		747063002919451100209EBD /* PanModal */ = {
			isa = XCSwiftPackageProductDependency;
			package = 747062FF2919451100209EBD /* XCRemoteSwiftPackageReference "PanModal" */;
			productName = PanModal;
		};
/* End XCSwiftPackageProductDependency section */
	};
	rootObject = 74C980B3291305DB0040F44B /* Project object */;
}
